
Microsoft Visual Studio Solution File, Format Version 12.00
# Visual Studio Version 17
VisualStudioVersion = 17.0.31903.59
MinimumVisualStudioVersion = 10.0.40219.1
Project("{2150E333-8FDC-42A3-9474-1A3956D46DE8}") = "Docs", "Docs", "{81DF5FA1-F881-4DE7-849A-09BD2FCEF00C}"
EndProject
Project("{2150E333-8FDC-42A3-9474-1A3956D46DE8}") = "Test", "Test", "{EBE43964-6473-4F43-BC66-70C24D1C77F8}"
EndProject
Project("{2150E333-8FDC-42A3-9474-1A3956D46DE8}") = "SamplePattern", "SamplePattern", "{D4BA1A3D-58CB-46C3-9E2C-E28C3699B14D}"
EndProject
Project("{FAE04EC0-301F-11D3-BF4B-00C04F79EFBC}") = "ProtoType", "ProtoType\ProtoType.csproj", "{2BC4CCAA-EB4A-4616-80D2-E4E783832256}"
EndProject
Project("{2150E333-8FDC-42A3-9474-1A3956D46DE8}") = "Src", "Src", "{981B577C-C50D-4C18-9904-9C3B91B2CF67}"
EndProject
Project("{FAE04EC0-301F-11D3-BF4B-00C04F79EFBC}") = "Base.Application", "Base.Application\Base.Application.csproj", "{F6ECECFF-C34A-4088-8FBF-577A97B74B0B}"
EndProject
Project("{FAE04EC0-301F-11D3-BF4B-00C04F79EFBC}") = "Base.Common", "Base.Application\Base.Common\Base.Common.csproj", "{7C98AA9E-1383-4661-B2E4-6B8DACB72978}"
EndProject
Project("{FAE04EC0-301F-11D3-BF4B-00C04F79EFBC}") = "Base.Domain", "Base.Application\Base.Domain\Base.Domain.csproj", "{2CACA0C0-D41A-4D9B-A616-5941B55ECC57}"
EndProject
Project("{FAE04EC0-301F-11D3-BF4B-00C04F79EFBC}") = "Base.Infrastructure", "Base.Application\Base.Infrastructure\Base.Infrastructure.csproj", "{36CB6550-C28C-439C-B727-029A8FAEB56F}"
EndProject
Project("{FAE04EC0-301F-11D3-BF4B-00C04F79EFBC}") = "Base.Persistence", "Base.Application\Base.Persistence\Base.Persistence.csproj", "{5F974B45-ADDA-4353-B084-5DEF4D57AEFF}"
EndProject
Project("{FAE04EC0-301F-11D3-BF4B-00C04F79EFBC}") = "Base.Api", "Base.Application\Base.Api\Base.Api.csproj", "{5BFACE73-8BCC-40E8-9A2D-AF05941DCAC3}"
EndProject
Project("{FAE04EC0-301F-11D3-BF4B-00C04F79EFBC}") = "Builder", "ProtoType\Builder\Builder.csproj", "{5B00AA65-F8E1-4214-9E72-82E5C681BC3E}"
EndProject
Project("{FAE04EC0-301F-11D3-BF4B-00C04F79EFBC}") = "SmapleBuilder", "ProtoType\UrlBuilder\SmapleBuilder.csproj", "{A519DD2E-433A-401E-BE75-15F0A2DAC579}"
EndProject
Project("{FAE04EC0-301F-11D3-BF4B-00C04F79EFBC}") = "Soldier", "ProtoType\FlyWeight\Soldier.csproj", "{50E7862B-DB40-4981-8A79-F06183C16CE9}"
EndProject
Project("{FAE04EC0-301F-11D3-BF4B-00C04F79EFBC}") = "IVendingMachineState", "ProtoType\IVendingMachineState\IVendingMachineState.csproj", "{0B7E600B-7213-4820-812E-8DC3E6C2FD94}"
EndProject
Project("{FAE04EC0-301F-11D3-BF4B-00C04F79EFBC}") = "PersonAssert", "ProtoType\PersonAssert\PersonAssert.csproj", "{CB1D0E92-A55E-455B-8BB8-1F0BC110EDC1}"
EndProject
Project("{FAE04EC0-301F-11D3-BF4B-00C04F79EFBC}") = "StrategySample", "ProtoType\StrategySample\StrategySample.csproj", "{E96AA213-EB05-409E-A37C-FB01A78B7093}"
EndProject
Global
	GlobalSection(SolutionConfigurationPlatforms) = preSolution
		Debug|Any CPU = Debug|Any CPU
		Release|Any CPU = Release|Any CPU
	EndGlobalSection
	GlobalSection(SolutionProperties) = preSolution
		HideSolutionNode = FALSE
	EndGlobalSection
	GlobalSection(ProjectConfigurationPlatforms) = postSolution
		{2BC4CCAA-EB4A-4616-80D2-E4E783832256}.Debug|Any CPU.ActiveCfg = Debug|Any CPU
		{2BC4CCAA-EB4A-4616-80D2-E4E783832256}.Debug|Any CPU.Build.0 = Debug|Any CPU
		{2BC4CCAA-EB4A-4616-80D2-E4E783832256}.Release|Any CPU.ActiveCfg = Release|Any CPU
		{2BC4CCAA-EB4A-4616-80D2-E4E783832256}.Release|Any CPU.Build.0 = Release|Any CPU
		{F6ECECFF-C34A-4088-8FBF-577A97B74B0B}.Debug|Any CPU.ActiveCfg = Debug|Any CPU
		{F6ECECFF-C34A-4088-8FBF-577A97B74B0B}.Debug|Any CPU.Build.0 = Debug|Any CPU
		{F6ECECFF-C34A-4088-8FBF-577A97B74B0B}.Release|Any CPU.ActiveCfg = Release|Any CPU
		{F6ECECFF-C34A-4088-8FBF-577A97B74B0B}.Release|Any CPU.Build.0 = Release|Any CPU
		{7C98AA9E-1383-4661-B2E4-6B8DACB72978}.Debug|Any CPU.ActiveCfg = Debug|Any CPU
		{7C98AA9E-1383-4661-B2E4-6B8DACB72978}.Debug|Any CPU.Build.0 = Debug|Any CPU
		{7C98AA9E-1383-4661-B2E4-6B8DACB72978}.Release|Any CPU.ActiveCfg = Release|Any CPU
		{7C98AA9E-1383-4661-B2E4-6B8DACB72978}.Release|Any CPU.Build.0 = Release|Any CPU
		{2CACA0C0-D41A-4D9B-A616-5941B55ECC57}.Debug|Any CPU.ActiveCfg = Debug|Any CPU
		{2CACA0C0-D41A-4D9B-A616-5941B55ECC57}.Debug|Any CPU.Build.0 = Debug|Any CPU
		{2CACA0C0-D41A-4D9B-A616-5941B55ECC57}.Release|Any CPU.ActiveCfg = Release|Any CPU
		{2CACA0C0-D41A-4D9B-A616-5941B55ECC57}.Release|Any CPU.Build.0 = Release|Any CPU
		{36CB6550-C28C-439C-B727-029A8FAEB56F}.Debug|Any CPU.ActiveCfg = Debug|Any CPU
		{36CB6550-C28C-439C-B727-029A8FAEB56F}.Debug|Any CPU.Build.0 = Debug|Any CPU
		{36CB6550-C28C-439C-B727-029A8FAEB56F}.Release|Any CPU.ActiveCfg = Release|Any CPU
		{36CB6550-C28C-439C-B727-029A8FAEB56F}.Release|Any CPU.Build.0 = Release|Any CPU
		{5F974B45-ADDA-4353-B084-5DEF4D57AEFF}.Debug|Any CPU.ActiveCfg = Debug|Any CPU
		{5F974B45-ADDA-4353-B084-5DEF4D57AEFF}.Debug|Any CPU.Build.0 = Debug|Any CPU
		{5F974B45-ADDA-4353-B084-5DEF4D57AEFF}.Release|Any CPU.ActiveCfg = Release|Any CPU
		{5F974B45-ADDA-4353-B084-5DEF4D57AEFF}.Release|Any CPU.Build.0 = Release|Any CPU
		{5BFACE73-8BCC-40E8-9A2D-AF05941DCAC3}.Debug|Any CPU.ActiveCfg = Debug|Any CPU
		{5BFACE73-8BCC-40E8-9A2D-AF05941DCAC3}.Debug|Any CPU.Build.0 = Debug|Any CPU
		{5BFACE73-8BCC-40E8-9A2D-AF05941DCAC3}.Release|Any CPU.ActiveCfg = Release|Any CPU
		{5BFACE73-8BCC-40E8-9A2D-AF05941DCAC3}.Release|Any CPU.Build.0 = Release|Any CPU
		{5B00AA65-F8E1-4214-9E72-82E5C681BC3E}.Debug|Any CPU.ActiveCfg = Debug|Any CPU
		{5B00AA65-F8E1-4214-9E72-82E5C681BC3E}.Debug|Any CPU.Build.0 = Debug|Any CPU
		{5B00AA65-F8E1-4214-9E72-82E5C681BC3E}.Release|Any CPU.ActiveCfg = Release|Any CPU
		{5B00AA65-F8E1-4214-9E72-82E5C681BC3E}.Release|Any CPU.Build.0 = Release|Any CPU
		{A519DD2E-433A-401E-BE75-15F0A2DAC579}.Debug|Any CPU.ActiveCfg = Debug|Any CPU
		{A519DD2E-433A-401E-BE75-15F0A2DAC579}.Debug|Any CPU.Build.0 = Debug|Any CPU
		{A519DD2E-433A-401E-BE75-15F0A2DAC579}.Release|Any CPU.ActiveCfg = Release|Any CPU
		{A519DD2E-433A-401E-BE75-15F0A2DAC579}.Release|Any CPU.Build.0 = Release|Any CPU
		{50E7862B-DB40-4981-8A79-F06183C16CE9}.Debug|Any CPU.ActiveCfg = Debug|Any CPU
		{50E7862B-DB40-4981-8A79-F06183C16CE9}.Debug|Any CPU.Build.0 = Debug|Any CPU
		{50E7862B-DB40-4981-8A79-F06183C16CE9}.Release|Any CPU.ActiveCfg = Release|Any CPU
		{50E7862B-DB40-4981-8A79-F06183C16CE9}.Release|Any CPU.Build.0 = Release|Any CPU
		{0B7E600B-7213-4820-812E-8DC3E6C2FD94}.Debug|Any CPU.ActiveCfg = Debug|Any CPU
		{0B7E600B-7213-4820-812E-8DC3E6C2FD94}.Debug|Any CPU.Build.0 = Debug|Any CPU
		{0B7E600B-7213-4820-812E-8DC3E6C2FD94}.Release|Any CPU.ActiveCfg = Release|Any CPU
		{0B7E600B-7213-4820-812E-8DC3E6C2FD94}.Release|Any CPU.Build.0 = Release|Any CPU
		{CB1D0E92-A55E-455B-8BB8-1F0BC110EDC1}.Debug|Any CPU.ActiveCfg = Debug|Any CPU
		{CB1D0E92-A55E-455B-8BB8-1F0BC110EDC1}.Debug|Any CPU.Build.0 = Debug|Any CPU
		{CB1D0E92-A55E-455B-8BB8-1F0BC110EDC1}.Release|Any CPU.ActiveCfg = Release|Any CPU
		{CB1D0E92-A55E-455B-8BB8-1F0BC110EDC1}.Release|Any CPU.Build.0 = Release|Any CPU
		{E96AA213-EB05-409E-A37C-FB01A78B7093}.Debug|Any CPU.ActiveCfg = Debug|Any CPU
		{E96AA213-EB05-409E-A37C-FB01A78B7093}.Debug|Any CPU.Build.0 = Debug|Any CPU
		{E96AA213-EB05-409E-A37C-FB01A78B7093}.Release|Any CPU.ActiveCfg = Release|Any CPU
		{E96AA213-EB05-409E-A37C-FB01A78B7093}.Release|Any CPU.Build.0 = Release|Any CPU
	EndGlobalSection
	GlobalSection(NestedProjects) = preSolution
		{2BC4CCAA-EB4A-4616-80D2-E4E783832256} = {D4BA1A3D-58CB-46C3-9E2C-E28C3699B14D}
		{F6ECECFF-C34A-4088-8FBF-577A97B74B0B} = {981B577C-C50D-4C18-9904-9C3B91B2CF67}
		{7C98AA9E-1383-4661-B2E4-6B8DACB72978} = {981B577C-C50D-4C18-9904-9C3B91B2CF67}
		{2CACA0C0-D41A-4D9B-A616-5941B55ECC57} = {981B577C-C50D-4C18-9904-9C3B91B2CF67}
		{36CB6550-C28C-439C-B727-029A8FAEB56F} = {981B577C-C50D-4C18-9904-9C3B91B2CF67}
		{5F974B45-ADDA-4353-B084-5DEF4D57AEFF} = {981B577C-C50D-4C18-9904-9C3B91B2CF67}
		{5BFACE73-8BCC-40E8-9A2D-AF05941DCAC3} = {981B577C-C50D-4C18-9904-9C3B91B2CF67}
		{5B00AA65-F8E1-4214-9E72-82E5C681BC3E} = {D4BA1A3D-58CB-46C3-9E2C-E28C3699B14D}
		{A519DD2E-433A-401E-BE75-15F0A2DAC579} = {D4BA1A3D-58CB-46C3-9E2C-E28C3699B14D}
		{50E7862B-DB40-4981-8A79-F06183C16CE9} = {D4BA1A3D-58CB-46C3-9E2C-E28C3699B14D}
		{0B7E600B-7213-4820-812E-8DC3E6C2FD94} = {D4BA1A3D-58CB-46C3-9E2C-E28C3699B14D}
		{CB1D0E92-A55E-455B-8BB8-1F0BC110EDC1} = {D4BA1A3D-58CB-46C3-9E2C-E28C3699B14D}
		{E96AA213-EB05-409E-A37C-FB01A78B7093} = {D4BA1A3D-58CB-46C3-9E2C-E28C3699B14D}
	EndGlobalSection
EndGlobal
