
Microsoft Visual Studio Solution File, Format Version 12.00
# Visual Studio Version 17
VisualStudioVersion = 17.0.31903.59
MinimumVisualStudioVersion = 10.0.40219.1
Project("{FAE04EC0-301F-11D3-BF4B-00C04F79EFBC}") = "Base.Application", "AhmadShop.Application\Base.Application.csproj", "{11E69FDF-0A4F-444A-BFC7-EAB2D48A1EA7}"
EndProject
Project("{FAE04EC0-301F-11D3-BF4B-00C04F79EFBC}") = "Base.Common", "AhmadShop.Common\Base.Common.csproj", "{4F2DDA6E-0DE6-417B-86B3-B3A4E9119C62}"
EndProject
Project("{FAE04EC0-301F-11D3-BF4B-00C04F79EFBC}") = "Base.Domain", "AhmadShop.Domain\Base.Domain.csproj", "{CF2092F2-EBD0-489A-B0F1-A3045076547A}"
EndProject
Project("{FAE04EC0-301F-11D3-BF4B-00C04F79EFBC}") = "Base.Infrastructure", "AhmadShop.Infrastructure\Base.Infrastructure.csproj", "{5C26FE18-552C-438C-87D1-C12D2AB3AFAD}"
EndProject
Project("{FAE04EC0-301F-11D3-BF4B-00C04F79EFBC}") = "Base.Persistence", "AhmadShop.Persistence\Base.Persistence.csproj", "{FAA0BAB1-5F26-404B-927A-2965049D96AF}"
EndProject
Project("{FAE04EC0-301F-11D3-BF4B-00C04F79EFBC}") = "Base.Api", "AhmadShop.Api\Base.Api.csproj", "{B8108AFD-173F-45FF-B050-C90BD459B593}"
EndProject
Global
	GlobalSection(SolutionConfigurationPlatforms) = preSolution
		Debug|Any CPU = Debug|Any CPU
		Release|Any CPU = Release|Any CPU
	EndGlobalSection
	GlobalSection(ProjectConfigurationPlatforms) = postSolution
		{11E69FDF-0A4F-444A-BFC7-EAB2D48A1EA7}.Debug|Any CPU.ActiveCfg = Debug|Any CPU
		{11E69FDF-0A4F-444A-BFC7-EAB2D48A1EA7}.Debug|Any CPU.Build.0 = Debug|Any CPU
		{11E69FDF-0A4F-444A-BFC7-EAB2D48A1EA7}.Release|Any CPU.ActiveCfg = Release|Any CPU
		{11E69FDF-0A4F-444A-BFC7-EAB2D48A1EA7}.Release|Any CPU.Build.0 = Release|Any CPU
		{4F2DDA6E-0DE6-417B-86B3-B3A4E9119C62}.Debug|Any CPU.ActiveCfg = Debug|Any CPU
		{4F2DDA6E-0DE6-417B-86B3-B3A4E9119C62}.Debug|Any CPU.Build.0 = Debug|Any CPU
		{4F2DDA6E-0DE6-417B-86B3-B3A4E9119C62}.Release|Any CPU.ActiveCfg = Release|Any CPU
		{4F2DDA6E-0DE6-417B-86B3-B3A4E9119C62}.Release|Any CPU.Build.0 = Release|Any CPU
		{CF2092F2-EBD0-489A-B0F1-A3045076547A}.Debug|Any CPU.ActiveCfg = Debug|Any CPU
		{CF2092F2-EBD0-489A-B0F1-A3045076547A}.Debug|Any CPU.Build.0 = Debug|Any CPU
		{CF2092F2-EBD0-489A-B0F1-A3045076547A}.Release|Any CPU.ActiveCfg = Release|Any CPU
		{CF2092F2-EBD0-489A-B0F1-A3045076547A}.Release|Any CPU.Build.0 = Release|Any CPU
		{5C26FE18-552C-438C-87D1-C12D2AB3AFAD}.Debug|Any CPU.ActiveCfg = Debug|Any CPU
		{5C26FE18-552C-438C-87D1-C12D2AB3AFAD}.Debug|Any CPU.Build.0 = Debug|Any CPU
		{5C26FE18-552C-438C-87D1-C12D2AB3AFAD}.Release|Any CPU.ActiveCfg = Release|Any CPU
		{5C26FE18-552C-438C-87D1-C12D2AB3AFAD}.Release|Any CPU.Build.0 = Release|Any CPU
		{FAA0BAB1-5F26-404B-927A-2965049D96AF}.Debug|Any CPU.ActiveCfg = Debug|Any CPU
		{FAA0BAB1-5F26-404B-927A-2965049D96AF}.Debug|Any CPU.Build.0 = Debug|Any CPU
		{FAA0BAB1-5F26-404B-927A-2965049D96AF}.Release|Any CPU.ActiveCfg = Release|Any CPU
		{FAA0BAB1-5F26-404B-927A-2965049D96AF}.Release|Any CPU.Build.0 = Release|Any CPU
		{B8108AFD-173F-45FF-B050-C90BD459B593}.Debug|Any CPU.ActiveCfg = Debug|Any CPU
		{B8108AFD-173F-45FF-B050-C90BD459B593}.Debug|Any CPU.Build.0 = Debug|Any CPU
		{B8108AFD-173F-45FF-B050-C90BD459B593}.Release|Any CPU.ActiveCfg = Release|Any CPU
		{B8108AFD-173F-45FF-B050-C90BD459B593}.Release|Any CPU.Build.0 = Release|Any CPU
	EndGlobalSection
	GlobalSection(SolutionProperties) = preSolution
		HideSolutionNode = FALSE
	EndGlobalSection
	GlobalSection(ExtensibilityGlobals) = postSolution
		SolutionGuid = {40FA27D0-3809-4FAB-A875-DE5E60632EC1}
	EndGlobalSection
EndGlobal
